{
  "name": "@TidioPoland/tidio-lp-tracking",
  "version": "0.0.1",
  "lockfileVersion": 3,
  "requires": true,
  "packages": {
    "": {
      "name": "@TidioPoland/tidio-lp-tracking",
      "version": "0.0.1",
      "dependencies": {
        "@amplitude/analytics-browser": "^2.13.3"
      },
      "devDependencies": {
        "@types/amplitude-js": "^8.16.5",
        "@types/node": "^18.0.0",
        "@types/react": "^18.0.0",
        "@types/react-dom": "^18.0.0",
        "react": "^18.2.0",
        "typescript": "^5.8.3"
      },
      "peerDependencies": {
        "react": ">=17.0.0"
      }
    },
    "node_modules/@amplitude/analytics-browser": {
      "version": "2.17.4",
      "license": "MIT",
      "dependencies": {
        "@amplitude/analytics-core": "^2.11.2",
        "@amplitude/analytics-remote-config": "^0.4.0",
        "@amplitude/plugin-autocapture-browser": "^1.2.4",
        "@amplitude/plugin-network-capture-browser": "^1.1.4",
        "@amplitude/plugin-page-view-tracking-browser": "^2.3.25",
        "tslib": "^2.4.1"
      }
    },
    "node_modules/@amplitude/analytics-client-common": {
      "version": "2.3.20",
      "license": "MIT",
      "dependencies": {
        "@amplitude/analytics-connector": "^1.4.8",
        "@amplitude/analytics-core": "^2.11.2",
        "@amplitude/analytics-types": "^2.9.2",
        "tslib": "^2.4.1"
      }
    },
    "node_modules/@amplitude/analytics-connector": {
      "version": "1.6.4",
      "license": "MIT"
    },
    "node_modules/@amplitude/analytics-core": {
      "version": "2.11.2",
      "license": "MIT",
      "dependencies": {
        "@amplitude/analytics-connector": "^1.6.4",
        "tslib": "^2.4.1"
      }
    },
    "node_modules/@amplitude/analytics-remote-config": {
      "version": "0.4.1",
      "license": "MIT",
      "dependencies": {
        "@amplitude/analytics-client-common": ">=1 <3",
        "@amplitude/analytics-core": ">=1 <3",
        "@amplitude/analytics-types": ">=1 <3",
        "tslib": "^2.4.1"
      }
    },
    "node_modules/@amplitude/analytics-types": {
      "version": "2.9.2",
      "license": "MIT"
    },
    "node_modules/@amplitude/plugin-autocapture-browser": {
      "version": "1.2.4",
      "license": "MIT",
      "dependencies": {
        "@amplitude/analytics-core": "^2.11.2",
        "rxjs": "^7.8.1",
        "tslib": "^2.4.1"
      }
    },
    "node_modules/@amplitude/plugin-network-capture-browser": {
      "version": "1.1.4",
      "license": "MIT",
      "dependencies": {
        "@amplitude/analytics-core": "^2.11.2",
        "rxjs": "^7.8.1",
        "tslib": "^2.4.1"
      }
    },
    "node_modules/@amplitude/plugin-page-view-tracking-browser": {
      "version": "2.3.25",
      "license": "MIT",
      "dependencies": {
        "@amplitude/analytics-client-common": "^2.3.20",
        "@amplitude/analytics-types": "^2.9.2",
        "tslib": "^2.4.1"
      }
    },
    "node_modules/@types/amplitude-js": {
      "version": "8.16.5",
      "resolved": "https://registry.npmjs.org/@types/amplitude-js/-/amplitude-js-8.16.5.tgz",
      "integrity": "sha512-W73JfDpwDH4VijOGo+nVuQOqUCiqyEGGVdajU4ziWTLn27cn+QtFuFuBdlhCraIIrO52fDRO4NSOGkawtn77Jw==",
      "dev": true
    },
    "node_modules/@types/node": {
      "version": "18.19.100",
      "resolved": "https://registry.npmjs.org/@types/node/-/node-18.19.100.tgz",
      "integrity": "sha512-ojmMP8SZBKprc3qGrGk8Ujpo80AXkrP7G2tOT4VWr5jlr5DHjsJF+emXJz+Wm0glmy4Js62oKMdZZ6B9Y+tEcA==",
      "dev": true,
      "dependencies": {
        "undici-types": "~5.26.4"
      }
    },
    "node_modules/@types/prop-types": {
      "version": "15.7.14",
      "resolved": "https://registry.npmjs.org/@types/prop-types/-/prop-types-15.7.14.tgz",
      "integrity": "sha512-gNMvNH49DJ7OJYv+KAKn0Xp45p8PLl6zo2YnvDIbTd4J6MER2BmWN49TG7n9LvkyihINxeKW8+3bfS2yDC9dzQ==",
      "dev": true
    },
    "node_modules/@types/react": {
      "version": "18.3.21",
      "resolved": "https://registry.npmjs.org/@types/react/-/react-18.3.21.tgz",
      "integrity": "sha512-gXLBtmlcRJeT09/sI4PxVwyrku6SaNUj/6cMubjE6T6XdY1fDmBL7r0nX0jbSZPU/Xr0KuwLLZh6aOYY5d91Xw==",
      "dev": true,
      "dependencies": {
        "@types/prop-types": "*",
        "csstype": "^3.0.2"
      }
    },
    "node_modules/@types/react-dom": {
      "version": "18.3.7",
      "resolved": "https://registry.npmjs.org/@types/react-dom/-/react-dom-18.3.7.tgz",
      "integrity": "sha512-MEe3UeoENYVFXzoXEWsvcpg6ZvlrFNlOQ7EOsvhI3CfAXwzPfO8Qwuxd40nepsYKqyyVQnTdEfv68q91yLcKrQ==",
      "dev": true,
      "peerDependencies": {
        "@types/react": "^18.0.0"
      }
    },
    "node_modules/csstype": {
      "version": "3.1.3",
      "resolved": "https://registry.npmjs.org/csstype/-/csstype-3.1.3.tgz",
      "integrity": "sha512-M1uQkMl8rQK/szD0LNhtqxIPLpimGm8sOBwU7lLnCpSbTyY3yeU1Vc7l4KT5zT4s/yOxHH5O7tIuuLOCnLADRw==",
      "dev": true
    },
    "node_modules/js-tokens": {
      "version": "4.0.0",
      "dev": true,
      "license": "MIT"
    },
    "node_modules/loose-envify": {
      "version": "1.4.0",
      "dev": true,
      "license": "MIT",
      "dependencies": {
        "js-tokens": "^3.0.0 || ^4.0.0"
      },
      "bin": {
        "loose-envify": "cli.js"
      }
    },
    "node_modules/react": {
      "version": "18.3.1",
      "dev": true,
      "license": "MIT",
      "dependencies": {
        "loose-envify": "^1.1.0"
      },
      "engines": {
        "node": ">=0.10.0"
      }
    },
    "node_modules/rxjs": {
      "version": "7.8.2",
      "license": "Apache-2.0",
      "dependencies": {
        "tslib": "^2.1.0"
      }
    },
    "node_modules/tslib": {
      "version": "2.8.1",
      "license": "0BSD"
    },
    "node_modules/typescript": {
      "version": "5.8.3",
      "resolved": "https://registry.npmjs.org/typescript/-/typescript-5.8.3.tgz",
      "integrity": "sha512-p1diW6TqL9L07nNxvRMM7hMMw4c5XOo/1ibL4aAIGmSAt9slTE1Xgw5KWuof2uTOvCg9BY7ZRi+GaF+7sfgPeQ==",
      "dev": true,
      "bin": {
        "tsc": "bin/tsc",
        "tsserver": "bin/tsserver"
      },
      "engines": {
        "node": ">=14.17"
      }
    },
    "node_modules/undici-types": {
      "version": "5.26.5",
      "resolved": "https://registry.npmjs.org/undici-types/-/undici-types-5.26.5.tgz",
      "integrity": "sha512-JlCMO+ehdEIKqlFxk6IfVoAUVmgz7cU7zD/h9XZ0qzeosSHmUJVOzSQvvYSYWXkFXC+IfLKSIffhv0sVZup6pA==",
      "dev": true
    }
  }
}
